
Microsoft Visual Studio Solution File, Format Version 12.00
# Visual Studio Version 17
VisualStudioVersion = 17.6.33712.159
MinimumVisualStudioVersion = 10.0.40219.1
Project("{FAE04EC0-301F-11D3-BF4B-00C04F79EFBC}") = "Nona1", "Nona1\Nona1.csproj", "{AB7E3531-9EA1-4A16-B91F-10993CBDAC32}"
EndProject
Global
	GlobalSection(SolutionConfigurationPlatforms) = preSolution
		Debug|Any CPU = Debug|Any CPU
		Release|Any CPU = Release|Any CPU
	EndGlobalSection
	GlobalSection(ProjectConfigurationPlatforms) = postSolution
		{AB7E3531-9EA1-4A16-B91F-10993CBDAC32}.Debug|Any CPU.ActiveCfg = Debug|Any CPU
		{AB7E3531-9EA1-4A16-B91F-10993CBDAC32}.Debug|Any CPU.Build.0 = Debug|Any CPU
		{AB7E3531-9EA1-4A16-B91F-10993CBDAC32}.Release|Any CPU.ActiveCfg = Release|Any CPU
		{AB7E3531-9EA1-4A16-B91F-10993CBDAC32}.Release|Any CPU.Build.0 = Release|Any CPU
	EndGlobalSection
	GlobalSection(SolutionProperties) = preSolution
		HideSolutionNode = FALSE
	EndGlobalSection
	GlobalSection(ExtensibilityGlobals) = postSolution
		SolutionGuid = {FB59DC42-09EE-4363-81C2-8F5911CD6429}
	EndGlobalSection
EndGlobal
